
Microsoft Visual Studio Solution File, Format Version 12.00
# Visual Studio Version 17
VisualStudioVersion = 17.10.35013.160
MinimumVisualStudioVersion = 10.0.40219.1
Project("{FAE04EC0-301F-11D3-BF4B-00C04F79EFBC}") = "EF02", "EF02\EF02.csproj", "{60E178C1-8180-40F0-821B-01190532D52C}"
EndProject
Global
	GlobalSection(SolutionConfigurationPlatforms) = preSolution
		Debug|Any CPU = Debug|Any CPU
		Release|Any CPU = Release|Any CPU
	EndGlobalSection
	GlobalSection(ProjectConfigurationPlatforms) = postSolution
		{60E178C1-8180-40F0-821B-01190532D52C}.Debug|Any CPU.ActiveCfg = Debug|Any CPU
		{60E178C1-8180-40F0-821B-01190532D52C}.Debug|Any CPU.Build.0 = Debug|Any CPU
		{60E178C1-8180-40F0-821B-01190532D52C}.Release|Any CPU.ActiveCfg = Release|Any CPU
		{60E178C1-8180-40F0-821B-01190532D52C}.Release|Any CPU.Build.0 = Release|Any CPU
	EndGlobalSection
	GlobalSection(SolutionProperties) = preSolution
		HideSolutionNode = FALSE
	EndGlobalSection
	GlobalSection(ExtensibilityGlobals) = postSolution
		SolutionGuid = {9613818A-7830-4953-BCD1-4BBBC91D5C56}
	EndGlobalSection
EndGlobal
